
Microsoft Visual Studio Solution File, Format Version 12.00
# Visual Studio Version 17
VisualStudioVersion = 17.8.34309.116
MinimumVisualStudioVersion = 10.0.40219.1
Project("{FAE04EC0-301F-11D3-BF4B-00C04F79EFBC}") = "ConsoleApp1", "ConsoleApp1\ConsoleApp1.csproj", "{A8E1F28D-67AA-4430-BDDE-6B41EF10F754}"
EndProject
Global
	GlobalSection(SolutionConfigurationPlatforms) = preSolution
		Debug|Any CPU = Debug|Any CPU
		Release|Any CPU = Release|Any CPU
	EndGlobalSection
	GlobalSection(ProjectConfigurationPlatforms) = postSolution
		{A8E1F28D-67AA-4430-BDDE-6B41EF10F754}.Debug|Any CPU.ActiveCfg = Debug|Any CPU
		{A8E1F28D-67AA-4430-BDDE-6B41EF10F754}.Debug|Any CPU.Build.0 = Debug|Any CPU
		{A8E1F28D-67AA-4430-BDDE-6B41EF10F754}.Release|Any CPU.ActiveCfg = Release|Any CPU
		{A8E1F28D-67AA-4430-BDDE-6B41EF10F754}.Release|Any CPU.Build.0 = Release|Any CPU
	EndGlobalSection
	GlobalSection(SolutionProperties) = preSolution
		HideSolutionNode = FALSE
	EndGlobalSection
	GlobalSection(ExtensibilityGlobals) = postSolution
		SolutionGuid = {EECFD240-82B3-4AEF-B318-2C660546DC36}
	EndGlobalSection
EndGlobal
